
Microsoft Visual Studio Solution File, Format Version 12.00
# Visual Studio Version 17
VisualStudioVersion = 17.9.34728.123
MinimumVisualStudioVersion = 10.0.40219.1
Project("{FAE04EC0-301F-11D3-BF4B-00C04F79EFBC}") = "NewMexicoPPDMLoader", "NewMexicoPPDMLoader\NewMexicoPPDMLoader.csproj", "{2EE8F7C8-304B-4886-BED3-065E3583BE7A}"
EndProject
Project("{FAE04EC0-301F-11D3-BF4B-00C04F79EFBC}") = "LoaderLibrary", "LoaderLibrary\LoaderLibrary.csproj", "{C384C3CE-2C12-4768-8FE0-19E0F6298E72}"
EndProject
Global
	GlobalSection(SolutionConfigurationPlatforms) = preSolution
		Debug|Any CPU = Debug|Any CPU
		Release|Any CPU = Release|Any CPU
	EndGlobalSection
	GlobalSection(ProjectConfigurationPlatforms) = postSolution
		{2EE8F7C8-304B-4886-BED3-065E3583BE7A}.Debug|Any CPU.ActiveCfg = Debug|Any CPU
		{2EE8F7C8-304B-4886-BED3-065E3583BE7A}.Debug|Any CPU.Build.0 = Debug|Any CPU
		{2EE8F7C8-304B-4886-BED3-065E3583BE7A}.Release|Any CPU.ActiveCfg = Release|Any CPU
		{2EE8F7C8-304B-4886-BED3-065E3583BE7A}.Release|Any CPU.Build.0 = Release|Any CPU
		{C384C3CE-2C12-4768-8FE0-19E0F6298E72}.Debug|Any CPU.ActiveCfg = Debug|Any CPU
		{C384C3CE-2C12-4768-8FE0-19E0F6298E72}.Debug|Any CPU.Build.0 = Debug|Any CPU
		{C384C3CE-2C12-4768-8FE0-19E0F6298E72}.Release|Any CPU.ActiveCfg = Release|Any CPU
		{C384C3CE-2C12-4768-8FE0-19E0F6298E72}.Release|Any CPU.Build.0 = Release|Any CPU
	EndGlobalSection
	GlobalSection(SolutionProperties) = preSolution
		HideSolutionNode = FALSE
	EndGlobalSection
	GlobalSection(ExtensibilityGlobals) = postSolution
		SolutionGuid = {1678498E-33B0-430B-AF62-8423F59E95F6}
	EndGlobalSection
EndGlobal
